
Microsoft Visual Studio Solution File, Format Version 12.00
# Visual Studio Version 17
VisualStudioVersion = 17.0.32112.339
MinimumVisualStudioVersion = 10.0.40219.1
Project("{FAE04EC0-301F-11D3-BF4B-00C04F79EFBC}") = "TrackMyShiftAPI", "TrackMyShiftAPI.csproj", "{B8EDFA43-CB1C-4BFC-97AE-A326D56088CE}"
EndProject
Global
	GlobalSection(SolutionConfigurationPlatforms) = preSolution
		Debug|Any CPU = Debug|Any CPU
		Release|Any CPU = Release|Any CPU
	EndGlobalSection
	GlobalSection(ProjectConfigurationPlatforms) = postSolution
		{B8EDFA43-CB1C-4BFC-97AE-A326D56088CE}.Debug|Any CPU.ActiveCfg = Debug|Any CPU
		{B8EDFA43-CB1C-4BFC-97AE-A326D56088CE}.Debug|Any CPU.Build.0 = Debug|Any CPU
		{B8EDFA43-CB1C-4BFC-97AE-A326D56088CE}.Release|Any CPU.ActiveCfg = Release|Any CPU
		{B8EDFA43-CB1C-4BFC-97AE-A326D56088CE}.Release|Any CPU.Build.0 = Release|Any CPU
	EndGlobalSection
	GlobalSection(SolutionProperties) = preSolution
		HideSolutionNode = FALSE
	EndGlobalSection
	GlobalSection(ExtensibilityGlobals) = postSolution
		SolutionGuid = {FDC8B8F9-6F51-4D67-A74F-B5F4EABCFE2A}
	EndGlobalSection
EndGlobal
